
Microsoft Visual Studio Solution File, Format Version 12.00
# Visual Studio Version 17
VisualStudioVersion = 17.5.2.0
MinimumVisualStudioVersion = 10.0.40219.1
Project("{FAE04EC0-301F-11D3-BF4B-00C04F79EFBC}") = "MenuDeAcesso", "MenuDeAcesso\MenuDeAcesso.csproj", "{D5F5C2DD-DE41-49F2-7A7A-1433C11B4A66}"
EndProject
Project("{FAE04EC0-301F-11D3-BF4B-00C04F79EFBC}") = "ModelsClass.Common", "ModelsClass.Common\ModelsClass.Common.csproj", "{85A01E4C-5861-4F67-BF3B-EC1BD4E419EC}"
EndProject
Global
	GlobalSection(SolutionConfigurationPlatforms) = preSolution
		Debug|Any CPU = Debug|Any CPU
		Debug|x64 = Debug|x64
		Debug|x86 = Debug|x86
		Release|Any CPU = Release|Any CPU
		Release|x64 = Release|x64
		Release|x86 = Release|x86
	EndGlobalSection
	GlobalSection(ProjectConfigurationPlatforms) = postSolution
		{D5F5C2DD-DE41-49F2-7A7A-1433C11B4A66}.Debug|Any CPU.ActiveCfg = Debug|Any CPU
		{D5F5C2DD-DE41-49F2-7A7A-1433C11B4A66}.Debug|Any CPU.Build.0 = Debug|Any CPU
		{D5F5C2DD-DE41-49F2-7A7A-1433C11B4A66}.Debug|x64.ActiveCfg = Debug|Any CPU
		{D5F5C2DD-DE41-49F2-7A7A-1433C11B4A66}.Debug|x64.Build.0 = Debug|Any CPU
		{D5F5C2DD-DE41-49F2-7A7A-1433C11B4A66}.Debug|x86.ActiveCfg = Debug|Any CPU
		{D5F5C2DD-DE41-49F2-7A7A-1433C11B4A66}.Debug|x86.Build.0 = Debug|Any CPU
		{D5F5C2DD-DE41-49F2-7A7A-1433C11B4A66}.Release|Any CPU.ActiveCfg = Release|Any CPU
		{D5F5C2DD-DE41-49F2-7A7A-1433C11B4A66}.Release|Any CPU.Build.0 = Release|Any CPU
		{D5F5C2DD-DE41-49F2-7A7A-1433C11B4A66}.Release|x64.ActiveCfg = Release|Any CPU
		{D5F5C2DD-DE41-49F2-7A7A-1433C11B4A66}.Release|x64.Build.0 = Release|Any CPU
		{D5F5C2DD-DE41-49F2-7A7A-1433C11B4A66}.Release|x86.ActiveCfg = Release|Any CPU
		{D5F5C2DD-DE41-49F2-7A7A-1433C11B4A66}.Release|x86.Build.0 = Release|Any CPU
		{85A01E4C-5861-4F67-BF3B-EC1BD4E419EC}.Debug|Any CPU.ActiveCfg = Debug|Any CPU
		{85A01E4C-5861-4F67-BF3B-EC1BD4E419EC}.Debug|Any CPU.Build.0 = Debug|Any CPU
		{85A01E4C-5861-4F67-BF3B-EC1BD4E419EC}.Debug|x64.ActiveCfg = Debug|Any CPU
		{85A01E4C-5861-4F67-BF3B-EC1BD4E419EC}.Debug|x64.Build.0 = Debug|Any CPU
		{85A01E4C-5861-4F67-BF3B-EC1BD4E419EC}.Debug|x86.ActiveCfg = Debug|Any CPU
		{85A01E4C-5861-4F67-BF3B-EC1BD4E419EC}.Debug|x86.Build.0 = Debug|Any CPU
		{85A01E4C-5861-4F67-BF3B-EC1BD4E419EC}.Release|Any CPU.ActiveCfg = Release|Any CPU
		{85A01E4C-5861-4F67-BF3B-EC1BD4E419EC}.Release|Any CPU.Build.0 = Release|Any CPU
		{85A01E4C-5861-4F67-BF3B-EC1BD4E419EC}.Release|x64.ActiveCfg = Release|Any CPU
		{85A01E4C-5861-4F67-BF3B-EC1BD4E419EC}.Release|x64.Build.0 = Release|Any CPU
		{85A01E4C-5861-4F67-BF3B-EC1BD4E419EC}.Release|x86.ActiveCfg = Release|Any CPU
		{85A01E4C-5861-4F67-BF3B-EC1BD4E419EC}.Release|x86.Build.0 = Release|Any CPU
	EndGlobalSection
	GlobalSection(SolutionProperties) = preSolution
		HideSolutionNode = FALSE
	EndGlobalSection
	GlobalSection(ExtensibilityGlobals) = postSolution
		SolutionGuid = {49CDA769-183F-461B-8FBB-80B2B484F568}
	EndGlobalSection
EndGlobal
