Microsoft Visual Studio Solution File, Format Version 12.00
# Visual Studio Version 17
VisualStudioVersion = 17.5.2.0
MinimumVisualStudioVersion = 10.0.40219.1
Project("{FAE04EC0-301F-11D3-BF4B-00C04F79EFBC}") = "_Classes", "_Classes\_Classes.csproj", "{701BD2EA-AF29-78C3-61EB-2334B7B4FE73}"
EndProject
Global
	GlobalSection(SolutionConfigurationPlatforms) = preSolution
		Debug|Any CPU = Debug|Any CPU
		Release|Any CPU = Release|Any CPU
	EndGlobalSection
	GlobalSection(ProjectConfigurationPlatforms) = postSolution
		{701BD2EA-AF29-78C3-61EB-2334B7B4FE73}.Debug|Any CPU.ActiveCfg = Debug|Any CPU
		{701BD2EA-AF29-78C3-61EB-2334B7B4FE73}.Debug|Any CPU.Build.0 = Debug|Any CPU
		{701BD2EA-AF29-78C3-61EB-2334B7B4FE73}.Release|Any CPU.ActiveCfg = Release|Any CPU
		{701BD2EA-AF29-78C3-61EB-2334B7B4FE73}.Release|Any CPU.Build.0 = Release|Any CPU
	EndGlobalSection
	GlobalSection(SolutionProperties) = preSolution
		HideSolutionNode = FALSE
	EndGlobalSection
	GlobalSection(ExtensibilityGlobals) = postSolution
		SolutionGuid = {DD8D9A92-8CEE-4AC7-A2C8-338B0C340AF2}
	EndGlobalSection
EndGlobal
